// !$*UTF8*$!
{
	archiveVersion = 1;
	classes = {
	};
	objectVersion = 45;
	objects = {

/* Begin PBXBuildFile section */
		1D3623260D0F684500981E51 /* NomsAppDelegate.m in Sources */ = {isa = PBXBuildFile; fileRef = 1D3623250D0F684500981E51 /* NomsAppDelegate.m */; };
		1D60589B0D05DD56006BFB54 /* main.m in Sources */ = {isa = PBXBuildFile; fileRef = 29B97316FDCFA39411CA2CEA /* main.m */; };
		1D60589F0D05DD5A006BFB54 /* Foundation.framework in Frameworks */ = {isa = PBXBuildFile; fileRef = 1D30AB110D05D00D00671497 /* Foundation.framework */; };
		1DF5F4E00D08C38300B7A737 /* UIKit.framework in Frameworks */ = {isa = PBXBuildFile; fileRef = 1DF5F4DF0D08C38300B7A737 /* UIKit.framework */; };
		1F9CE32F136C598900C84255 /* MyWindow.m in Sources */ = {isa = PBXBuildFile; fileRef = 1F9CE32E136C598900C84255 /* MyWindow.m */; };
		288765FD0DF74451002DB57D /* CoreGraphics.framework in Frameworks */ = {isa = PBXBuildFile; fileRef = 288765FC0DF74451002DB57D /* CoreGraphics.framework */; };
		28AD733F0D9D9553002E5188 /* MainWindow.xib in Resources */ = {isa = PBXBuildFile; fileRef = 28AD733E0D9D9553002E5188 /* MainWindow.xib */; };
		EE16114E13675C4D0059DE9B /* Icon@2x.png in Resources */ = {isa = PBXBuildFile; fileRef = EE16114D13675C4D0059DE9B /* Icon@2x.png */; };
		EE16115013675C740059DE9B /* Icon.png in Resources */ = {isa = PBXBuildFile; fileRef = EE16114F13675C740059DE9B /* Icon.png */; };
		EE161158136760050059DE9B /* CLObsWall.m in Sources */ = {isa = PBXBuildFile; fileRef = EE161157136760050059DE9B /* CLObsWall.m */; };
		EE16115B136760100059DE9B /* CLObsEnemy.m in Sources */ = {isa = PBXBuildFile; fileRef = EE16115A136760100059DE9B /* CLObsEnemy.m */; };
		EE161178136761E20059DE9B /* levels.txt in Resources */ = {isa = PBXBuildFile; fileRef = EE161177136761E20059DE9B /* levels.txt */; };
		EE16118C1367622E0059DE9B /* NSObject+SBJSON.m in Sources */ = {isa = PBXBuildFile; fileRef = EE1611831367622E0059DE9B /* NSObject+SBJSON.m */; };
		EE16118D1367622E0059DE9B /* NSString+SBJSON.m in Sources */ = {isa = PBXBuildFile; fileRef = EE1611851367622E0059DE9B /* NSString+SBJSON.m */; };
		EE16118E1367622E0059DE9B /* SBJsonBase.m in Sources */ = {isa = PBXBuildFile; fileRef = EE1611871367622E0059DE9B /* SBJsonBase.m */; };
		EE16118F1367622E0059DE9B /* SBJsonParser.m in Sources */ = {isa = PBXBuildFile; fileRef = EE1611891367622E0059DE9B /* SBJsonParser.m */; };
		EE1611901367622E0059DE9B /* SBJsonWriter.m in Sources */ = {isa = PBXBuildFile; fileRef = EE16118B1367622E0059DE9B /* SBJsonWriter.m */; };
		EE161193136762410059DE9B /* CLLevelManager.m in Sources */ = {isa = PBXBuildFile; fileRef = EE161192136762410059DE9B /* CLLevelManager.m */; };
		EE708D2B136B7A1700B3344C /* CLObsCoin.m in Sources */ = {isa = PBXBuildFile; fileRef = EE708D2A136B7A1700B3344C /* CLObsCoin.m */; };
		EE7A3F61136CC31300C61F25 /* NewGameButton.png in Resources */ = {isa = PBXBuildFile; fileRef = EE7A3F5B136CC31300C61F25 /* NewGameButton.png */; };
		EE7A3F64136CC31300C61F25 /* NewGameButton@2x.png in Resources */ = {isa = PBXBuildFile; fileRef = EE7A3F5E136CC31300C61F25 /* NewGameButton@2x.png */; };
		EE7A3F65136CC31300C61F25 /* InstructionsButton.png in Resources */ = {isa = PBXBuildFile; fileRef = EE7A3F5F136CC31300C61F25 /* InstructionsButton.png */; };
		EE7A3F66136CC31300C61F25 /* InstructionsButton@2x.png in Resources */ = {isa = PBXBuildFile; fileRef = EE7A3F60136CC31300C61F25 /* InstructionsButton@2x.png */; };
		EE7A3F69136CC6AA00C61F25 /* LoadGameButton.png in Resources */ = {isa = PBXBuildFile; fileRef = EE7A3F67136CC6AA00C61F25 /* LoadGameButton.png */; };
		EE7A3F6A136CC6AA00C61F25 /* LoadGameButton@2x.png in Resources */ = {isa = PBXBuildFile; fileRef = EE7A3F68136CC6AA00C61F25 /* LoadGameButton@2x.png */; };
		EE86012F136C7E2F00DF7170 /* PausedView.m in Sources */ = {isa = PBXBuildFile; fileRef = EE86012E136C7E2F00DF7170 /* PausedView.m */; };
		EE860132136CA02400DF7170 /* MenuView.m in Sources */ = {isa = PBXBuildFile; fileRef = EE860131136CA02400DF7170 /* MenuView.m */; };
		EED91EF31366062F00053011 /* CLMainViewController.m in Sources */ = {isa = PBXBuildFile; fileRef = EED91EF21366062F00053011 /* CLMainViewController.m */; };
		EED91EFC136607B400053011 /* CLPlayer.m in Sources */ = {isa = PBXBuildFile; fileRef = EED91EFB136607B400053011 /* CLPlayer.m */; };
		EED91EFF136607BD00053011 /* CLFinish.m in Sources */ = {isa = PBXBuildFile; fileRef = EED91EFE136607BD00053011 /* CLFinish.m */; };
		EED91F02136607C900053011 /* CLObs.m in Sources */ = {isa = PBXBuildFile; fileRef = EED91F01136607C900053011 /* CLObs.m */; };
		EED91F081366098900053011 /* CLGameArea.m in Sources */ = {isa = PBXBuildFile; fileRef = EED91F071366098900053011 /* CLGameArea.m */; };
		EED91FB71366126500053011 /* CLFunctions.m in Sources */ = {isa = PBXBuildFile; fileRef = EED91FB61366126500053011 /* CLFunctions.m */; };
		EED91FEF13661D4400053011 /* QuartzCore.framework in Frameworks */ = {isa = PBXBuildFile; fileRef = EED91FEE13661D4400053011 /* QuartzCore.framework */; };
/* End PBXBuildFile section */

/* Begin PBXFileReference section */
		1D30AB110D05D00D00671497 /* Foundation.framework */ = {isa = PBXFileReference; lastKnownFileType = wrapper.framework; name = Foundation.framework; path = System/Library/Frameworks/Foundation.framework; sourceTree = SDKROOT; };
		1D3623240D0F684500981E51 /* NomsAppDelegate.h */ = {isa = PBXFileReference; fileEncoding = 4; lastKnownFileType = sourcecode.c.h; path = NomsAppDelegate.h; sourceTree = "<group>"; };
		1D3623250D0F684500981E51 /* NomsAppDelegate.m */ = {isa = PBXFileReference; fileEncoding = 4; lastKnownFileType = sourcecode.c.objc; path = NomsAppDelegate.m; sourceTree = "<group>"; };
		1D6058910D05DD3D006BFB54 /* Noms.app */ = {isa = PBXFileReference; explicitFileType = wrapper.application; includeInIndex = 0; path = Noms.app; sourceTree = BUILT_PRODUCTS_DIR; };
		1DF5F4DF0D08C38300B7A737 /* UIKit.framework */ = {isa = PBXFileReference; lastKnownFileType = wrapper.framework; name = UIKit.framework; path = System/Library/Frameworks/UIKit.framework; sourceTree = SDKROOT; };
		1F9CE32D136C598900C84255 /* MyWindow.h */ = {isa = PBXFileReference; fileEncoding = 4; lastKnownFileType = sourcecode.c.h; path = MyWindow.h; sourceTree = "<group>"; };
		1F9CE32E136C598900C84255 /* MyWindow.m */ = {isa = PBXFileReference; fileEncoding = 4; lastKnownFileType = sourcecode.c.objc; path = MyWindow.m; sourceTree = "<group>"; };
		288765FC0DF74451002DB57D /* CoreGraphics.framework */ = {isa = PBXFileReference; lastKnownFileType = wrapper.framework; name = CoreGraphics.framework; path = System/Library/Frameworks/CoreGraphics.framework; sourceTree = SDKROOT; };
		28AD733E0D9D9553002E5188 /* MainWindow.xib */ = {isa = PBXFileReference; lastKnownFileType = file.xib; path = MainWindow.xib; sourceTree = "<group>"; };
		29B97316FDCFA39411CA2CEA /* main.m */ = {isa = PBXFileReference; fileEncoding = 4; lastKnownFileType = sourcecode.c.objc; path = main.m; sourceTree = "<group>"; };
		32CA4F630368D1EE00C91783 /* Noms_Prefix.pch */ = {isa = PBXFileReference; fileEncoding = 4; lastKnownFileType = sourcecode.c.h; path = Noms_Prefix.pch; sourceTree = "<group>"; };
		8D1107310486CEB800E47090 /* Noms-Info.plist */ = {isa = PBXFileReference; fileEncoding = 4; lastKnownFileType = text.plist.xml; path = "Noms-Info.plist"; plistStructureDefinitionIdentifier = "com.apple.xcode.plist.structure-definition.iphone.info-plist"; sourceTree = "<group>"; };
		EE16114D13675C4D0059DE9B /* Icon@2x.png */ = {isa = PBXFileReference; lastKnownFileType = image.png; path = "Icon@2x.png"; sourceTree = "<group>"; };
		EE16114F13675C740059DE9B /* Icon.png */ = {isa = PBXFileReference; lastKnownFileType = image.png; path = Icon.png; sourceTree = "<group>"; };
		EE161156136760050059DE9B /* CLObsWall.h */ = {isa = PBXFileReference; fileEncoding = 4; lastKnownFileType = sourcecode.c.h; path = CLObsWall.h; sourceTree = "<group>"; };
		EE161157136760050059DE9B /* CLObsWall.m */ = {isa = PBXFileReference; fileEncoding = 4; lastKnownFileType = sourcecode.c.objc; path = CLObsWall.m; sourceTree = "<group>"; };
		EE161159136760100059DE9B /* CLObsEnemy.h */ = {isa = PBXFileReference; fileEncoding = 4; lastKnownFileType = sourcecode.c.h; path = CLObsEnemy.h; sourceTree = "<group>"; };
		EE16115A136760100059DE9B /* CLObsEnemy.m */ = {isa = PBXFileReference; fileEncoding = 4; lastKnownFileType = sourcecode.c.objc; path = CLObsEnemy.m; sourceTree = "<group>"; };
		EE161177136761E20059DE9B /* levels.txt */ = {isa = PBXFileReference; fileEncoding = 4; lastKnownFileType = text; name = levels.txt; path = ../levels.txt; sourceTree = SOURCE_ROOT; };
		EE1611811367622E0059DE9B /* JSON.h */ = {isa = PBXFileReference; fileEncoding = 4; lastKnownFileType = sourcecode.c.h; path = JSON.h; sourceTree = "<group>"; };
		EE1611821367622E0059DE9B /* NSObject+SBJSON.h */ = {isa = PBXFileReference; fileEncoding = 4; lastKnownFileType = sourcecode.c.h; path = "NSObject+SBJSON.h"; sourceTree = "<group>"; };
		EE1611831367622E0059DE9B /* NSObject+SBJSON.m */ = {isa = PBXFileReference; fileEncoding = 4; lastKnownFileType = sourcecode.c.objc; path = "NSObject+SBJSON.m"; sourceTree = "<group>"; };
		EE1611841367622E0059DE9B /* NSString+SBJSON.h */ = {isa = PBXFileReference; fileEncoding = 4; lastKnownFileType = sourcecode.c.h; path = "NSString+SBJSON.h"; sourceTree = "<group>"; };
		EE1611851367622E0059DE9B /* NSString+SBJSON.m */ = {isa = PBXFileReference; fileEncoding = 4; lastKnownFileType = sourcecode.c.objc; path = "NSString+SBJSON.m"; sourceTree = "<group>"; };
		EE1611861367622E0059DE9B /* SBJsonBase.h */ = {isa = PBXFileReference; fileEncoding = 4; lastKnownFileType = sourcecode.c.h; path = SBJsonBase.h; sourceTree = "<group>"; };
		EE1611871367622E0059DE9B /* SBJsonBase.m */ = {isa = PBXFileReference; fileEncoding = 4; lastKnownFileType = sourcecode.c.objc; path = SBJsonBase.m; sourceTree = "<group>"; };
		EE1611881367622E0059DE9B /* SBJsonParser.h */ = {isa = PBXFileReference; fileEncoding = 4; lastKnownFileType = sourcecode.c.h; path = SBJsonParser.h; sourceTree = "<group>"; };
		EE1611891367622E0059DE9B /* SBJsonParser.m */ = {isa = PBXFileReference; fileEncoding = 4; lastKnownFileType = sourcecode.c.objc; path = SBJsonParser.m; sourceTree = "<group>"; };
		EE16118A1367622E0059DE9B /* SBJsonWriter.h */ = {isa = PBXFileReference; fileEncoding = 4; lastKnownFileType = sourcecode.c.h; path = SBJsonWriter.h; sourceTree = "<group>"; };
		EE16118B1367622E0059DE9B /* SBJsonWriter.m */ = {isa = PBXFileReference; fileEncoding = 4; lastKnownFileType = sourcecode.c.objc; path = SBJsonWriter.m; sourceTree = "<group>"; };
		EE161191136762410059DE9B /* CLLevelManager.h */ = {isa = PBXFileReference; fileEncoding = 4; lastKnownFileType = sourcecode.c.h; path = CLLevelManager.h; sourceTree = "<group>"; };
		EE161192136762410059DE9B /* CLLevelManager.m */ = {isa = PBXFileReference; fileEncoding = 4; lastKnownFileType = sourcecode.c.objc; path = CLLevelManager.m; sourceTree = "<group>"; };
		EE708D29136B7A1700B3344C /* CLObsCoin.h */ = {isa = PBXFileReference; fileEncoding = 4; lastKnownFileType = sourcecode.c.h; path = CLObsCoin.h; sourceTree = "<group>"; };
		EE708D2A136B7A1700B3344C /* CLObsCoin.m */ = {isa = PBXFileReference; fileEncoding = 4; lastKnownFileType = sourcecode.c.objc; path = CLObsCoin.m; sourceTree = "<group>"; };
		EE7A3F5B136CC31300C61F25 /* NewGameButton.png */ = {isa = PBXFileReference; lastKnownFileType = image.png; path = NewGameButton.png; sourceTree = "<group>"; };
		EE7A3F5E136CC31300C61F25 /* NewGameButton@2x.png */ = {isa = PBXFileReference; lastKnownFileType = image.png; path = "NewGameButton@2x.png"; sourceTree = "<group>"; };
		EE7A3F5F136CC31300C61F25 /* InstructionsButton.png */ = {isa = PBXFileReference; lastKnownFileType = image.png; path = InstructionsButton.png; sourceTree = "<group>"; };
		EE7A3F60136CC31300C61F25 /* InstructionsButton@2x.png */ = {isa = PBXFileReference; lastKnownFileType = image.png; path = "InstructionsButton@2x.png"; sourceTree = "<group>"; };
		EE7A3F67136CC6AA00C61F25 /* LoadGameButton.png */ = {isa = PBXFileReference; lastKnownFileType = image.png; path = LoadGameButton.png; sourceTree = "<group>"; };
		EE7A3F68136CC6AA00C61F25 /* LoadGameButton@2x.png */ = {isa = PBXFileReference; lastKnownFileType = image.png; path = "LoadGameButton@2x.png"; sourceTree = "<group>"; };
		EE86012D136C7E2F00DF7170 /* PausedView.h */ = {isa = PBXFileReference; fileEncoding = 4; lastKnownFileType = sourcecode.c.h; path = PausedView.h; sourceTree = "<group>"; };
		EE86012E136C7E2F00DF7170 /* PausedView.m */ = {isa = PBXFileReference; fileEncoding = 4; lastKnownFileType = sourcecode.c.objc; path = PausedView.m; sourceTree = "<group>"; };
		EE860130136CA02300DF7170 /* MenuView.h */ = {isa = PBXFileReference; fileEncoding = 4; lastKnownFileType = sourcecode.c.h; path = MenuView.h; sourceTree = "<group>"; };
		EE860131136CA02400DF7170 /* MenuView.m */ = {isa = PBXFileReference; fileEncoding = 4; lastKnownFileType = sourcecode.c.objc; path = MenuView.m; sourceTree = "<group>"; };
		EED91EF11366062F00053011 /* CLMainViewController.h */ = {isa = PBXFileReference; fileEncoding = 4; lastKnownFileType = sourcecode.c.h; path = CLMainViewController.h; sourceTree = "<group>"; };
		EED91EF21366062F00053011 /* CLMainViewController.m */ = {isa = PBXFileReference; fileEncoding = 4; lastKnownFileType = sourcecode.c.objc; path = CLMainViewController.m; sourceTree = "<group>"; };
		EED91EFA136607B400053011 /* CLPlayer.h */ = {isa = PBXFileReference; fileEncoding = 4; lastKnownFileType = sourcecode.c.h; path = CLPlayer.h; sourceTree = "<group>"; };
		EED91EFB136607B400053011 /* CLPlayer.m */ = {isa = PBXFileReference; fileEncoding = 4; lastKnownFileType = sourcecode.c.objc; path = CLPlayer.m; sourceTree = "<group>"; };
		EED91EFD136607BD00053011 /* CLFinish.h */ = {isa = PBXFileReference; fileEncoding = 4; lastKnownFileType = sourcecode.c.h; path = CLFinish.h; sourceTree = "<group>"; };
		EED91EFE136607BD00053011 /* CLFinish.m */ = {isa = PBXFileReference; fileEncoding = 4; lastKnownFileType = sourcecode.c.objc; path = CLFinish.m; sourceTree = "<group>"; };
		EED91F00136607C900053011 /* CLObs.h */ = {isa = PBXFileReference; fileEncoding = 4; lastKnownFileType = sourcecode.c.h; path = CLObs.h; sourceTree = "<group>"; };
		EED91F01136607C900053011 /* CLObs.m */ = {isa = PBXFileReference; fileEncoding = 4; lastKnownFileType = sourcecode.c.objc; path = CLObs.m; sourceTree = "<group>"; };
		EED91F061366098900053011 /* CLGameArea.h */ = {isa = PBXFileReference; fileEncoding = 4; lastKnownFileType = sourcecode.c.h; path = CLGameArea.h; sourceTree = "<group>"; };
		EED91F071366098900053011 /* CLGameArea.m */ = {isa = PBXFileReference; fileEncoding = 4; lastKnownFileType = sourcecode.c.objc; path = CLGameArea.m; sourceTree = "<group>"; };
		EED91FB51366126500053011 /* CLFunctions.h */ = {isa = PBXFileReference; fileEncoding = 4; lastKnownFileType = sourcecode.c.h; path = CLFunctions.h; sourceTree = "<group>"; };
		EED91FB61366126500053011 /* CLFunctions.m */ = {isa = PBXFileReference; fileEncoding = 4; lastKnownFileType = sourcecode.c.objc; path = CLFunctions.m; sourceTree = "<group>"; };
		EED91FEE13661D4400053011 /* QuartzCore.framework */ = {isa = PBXFileReference; lastKnownFileType = wrapper.framework; name = QuartzCore.framework; path = System/Library/Frameworks/QuartzCore.framework; sourceTree = SDKROOT; };
/* End PBXFileReference section */

/* Begin PBXFrameworksBuildPhase section */
		1D60588F0D05DD3D006BFB54 /* Frameworks */ = {
			isa = PBXFrameworksBuildPhase;
			buildActionMask = 2147483647;
			files = (
				1D60589F0D05DD5A006BFB54 /* Foundation.framework in Frameworks */,
				1DF5F4E00D08C38300B7A737 /* UIKit.framework in Frameworks */,
				288765FD0DF74451002DB57D /* CoreGraphics.framework in Frameworks */,
				EED91FEF13661D4400053011 /* QuartzCore.framework in Frameworks */,
			);
			runOnlyForDeploymentPostprocessing = 0;
		};
/* End PBXFrameworksBuildPhase section */

/* Begin PBXGroup section */
		080E96DDFE201D6D7F000001 /* Classes */ = {
			isa = PBXGroup;
			children = (
				EE161179136762150059DE9B /* JSON */,
				1D3623240D0F684500981E51 /* NomsAppDelegate.h */,
				1D3623250D0F684500981E51 /* NomsAppDelegate.m */,
				EED91FB51366126500053011 /* CLFunctions.h */,
				EED91FB61366126500053011 /* CLFunctions.m */,
				EED91EF11366062F00053011 /* CLMainViewController.h */,
				EED91EF21366062F00053011 /* CLMainViewController.m */,
				EE860133136CA02900DF7170 /* Menu */,
				EE86012C136C7DE300DF7170 /* Paused */,
				EE86012B136C7DD400DF7170 /* Game */,
				1F9CE32D136C598900C84255 /* MyWindow.h */,
				1F9CE32E136C598900C84255 /* MyWindow.m */,
			);
			path = Classes;
			sourceTree = "<group>";
		};
		19C28FACFE9D520D11CA2CBB /* Products */ = {
			isa = PBXGroup;
			children = (
				1D6058910D05DD3D006BFB54 /* Noms.app */,
			);
			name = Products;
			sourceTree = "<group>";
		};
		29B97314FDCFA39411CA2CEA /* CustomTemplate */ = {
			isa = PBXGroup;
			children = (
				080E96DDFE201D6D7F000001 /* Classes */,
				29B97315FDCFA39411CA2CEA /* Other Sources */,
				29B97317FDCFA39411CA2CEA /* Resources */,
				29B97323FDCFA39411CA2CEA /* Frameworks */,
				19C28FACFE9D520D11CA2CBB /* Products */,
			);
			name = CustomTemplate;
			sourceTree = "<group>";
		};
		29B97315FDCFA39411CA2CEA /* Other Sources */ = {
			isa = PBXGroup;
			children = (
				32CA4F630368D1EE00C91783 /* Noms_Prefix.pch */,
				29B97316FDCFA39411CA2CEA /* main.m */,
			);
			name = "Other Sources";
			sourceTree = "<group>";
		};
		29B97317FDCFA39411CA2CEA /* Resources */ = {
			isa = PBXGroup;
			children = (
				EE7A3F5A136CC30300C61F25 /* Buttons */,
				EE161177136761E20059DE9B /* levels.txt */,
				EE16114F13675C740059DE9B /* Icon.png */,
				EE16114D13675C4D0059DE9B /* Icon@2x.png */,
				28AD733E0D9D9553002E5188 /* MainWindow.xib */,
				8D1107310486CEB800E47090 /* Noms-Info.plist */,
			);
			name = Resources;
			sourceTree = "<group>";
		};
		29B97323FDCFA39411CA2CEA /* Frameworks */ = {
			isa = PBXGroup;
			children = (
				EED91FEE13661D4400053011 /* QuartzCore.framework */,
				1DF5F4DF0D08C38300B7A737 /* UIKit.framework */,
				1D30AB110D05D00D00671497 /* Foundation.framework */,
				288765FC0DF74451002DB57D /* CoreGraphics.framework */,
			);
			name = Frameworks;
			sourceTree = "<group>";
		};
		EE16115C1367605A0059DE9B /* Obs */ = {
			isa = PBXGroup;
			children = (
				EED91F00136607C900053011 /* CLObs.h */,
				EED91F01136607C900053011 /* CLObs.m */,
				EE161156136760050059DE9B /* CLObsWall.h */,
				EE161157136760050059DE9B /* CLObsWall.m */,
				EE161159136760100059DE9B /* CLObsEnemy.h */,
				EE16115A136760100059DE9B /* CLObsEnemy.m */,
				EE708D29136B7A1700B3344C /* CLObsCoin.h */,
				EE708D2A136B7A1700B3344C /* CLObsCoin.m */,
			);
			name = Obs;
			sourceTree = "<group>";
		};
		EE161179136762150059DE9B /* JSON */ = {
			isa = PBXGroup;
			children = (
				EE1611811367622E0059DE9B /* JSON.h */,
				EE1611821367622E0059DE9B /* NSObject+SBJSON.h */,
				EE1611831367622E0059DE9B /* NSObject+SBJSON.m */,
				EE1611841367622E0059DE9B /* NSString+SBJSON.h */,
				EE1611851367622E0059DE9B /* NSString+SBJSON.m */,
				EE1611861367622E0059DE9B /* SBJsonBase.h */,
				EE1611871367622E0059DE9B /* SBJsonBase.m */,
				EE1611881367622E0059DE9B /* SBJsonParser.h */,
				EE1611891367622E0059DE9B /* SBJsonParser.m */,
				EE16118A1367622E0059DE9B /* SBJsonWriter.h */,
				EE16118B1367622E0059DE9B /* SBJsonWriter.m */,
			);
			name = JSON;
			sourceTree = "<group>";
		};
		EE7A3F5A136CC30300C61F25 /* Buttons */ = {
			isa = PBXGroup;
			children = (
				EE7A3F67136CC6AA00C61F25 /* LoadGameButton.png */,
				EE7A3F68136CC6AA00C61F25 /* LoadGameButton@2x.png */,
				EE7A3F5B136CC31300C61F25 /* NewGameButton.png */,
				EE7A3F5E136CC31300C61F25 /* NewGameButton@2x.png */,
				EE7A3F5F136CC31300C61F25 /* InstructionsButton.png */,
				EE7A3F60136CC31300C61F25 /* InstructionsButton@2x.png */,
			);
			name = Buttons;
			sourceTree = "<group>";
		};
		EE86012B136C7DD400DF7170 /* Game */ = {
			isa = PBXGroup;
			children = (
				EE161191136762410059DE9B /* CLLevelManager.h */,
				EE161192136762410059DE9B /* CLLevelManager.m */,
				EED91F061366098900053011 /* CLGameArea.h */,
				EED91F071366098900053011 /* CLGameArea.m */,
				EED91F03136607CE00053011 /* Objects */,
			);
			name = Game;
			sourceTree = "<group>";
		};
		EE86012C136C7DE300DF7170 /* Paused */ = {
			isa = PBXGroup;
			children = (
				EE86012D136C7E2F00DF7170 /* PausedView.h */,
				EE86012E136C7E2F00DF7170 /* PausedView.m */,
			);
			name = Paused;
			sourceTree = "<group>";
		};
		EE860133136CA02900DF7170 /* Menu */ = {
			isa = PBXGroup;
			children = (
				EE860130136CA02300DF7170 /* MenuView.h */,
				EE860131136CA02400DF7170 /* MenuView.m */,
			);
			name = Menu;
			sourceTree = "<group>";
		};
		EED91F03136607CE00053011 /* Objects */ = {
			isa = PBXGroup;
			children = (
				EED91EFA136607B400053011 /* CLPlayer.h */,
				EED91EFB136607B400053011 /* CLPlayer.m */,
				EED91EFD136607BD00053011 /* CLFinish.h */,
				EED91EFE136607BD00053011 /* CLFinish.m */,
				EE16115C1367605A0059DE9B /* Obs */,
			);
			name = Objects;
			sourceTree = "<group>";
		};
/* End PBXGroup section */

/* Begin PBXNativeTarget section */
		1D6058900D05DD3D006BFB54 /* Noms */ = {
			isa = PBXNativeTarget;
			buildConfigurationList = 1D6058960D05DD3E006BFB54 /* Build configuration list for PBXNativeTarget "Noms" */;
			buildPhases = (
				1D60588D0D05DD3D006BFB54 /* Resources */,
				1D60588E0D05DD3D006BFB54 /* Sources */,
				1D60588F0D05DD3D006BFB54 /* Frameworks */,
			);
			buildRules = (
			);
			dependencies = (
			);
			name = Noms;
			productName = Noms;
			productReference = 1D6058910D05DD3D006BFB54 /* Noms.app */;
			productType = "com.apple.product-type.application";
		};
/* End PBXNativeTarget section */

/* Begin PBXProject section */
		29B97313FDCFA39411CA2CEA /* Project object */ = {
			isa = PBXProject;
			buildConfigurationList = C01FCF4E08A954540054247B /* Build configuration list for PBXProject "Noms" */;
			compatibilityVersion = "Xcode 3.1";
			developmentRegion = English;
			hasScannedForEncodings = 1;
			knownRegions = (
				English,
				Japanese,
				French,
				German,
			);
			mainGroup = 29B97314FDCFA39411CA2CEA /* CustomTemplate */;
			projectDirPath = "";
			projectRoot = "";
			targets = (
				1D6058900D05DD3D006BFB54 /* Noms */,
			);
		};
/* End PBXProject section */

/* Begin PBXResourcesBuildPhase section */
		1D60588D0D05DD3D006BFB54 /* Resources */ = {
			isa = PBXResourcesBuildPhase;
			buildActionMask = 2147483647;
			files = (
				28AD733F0D9D9553002E5188 /* MainWindow.xib in Resources */,
				EE16114E13675C4D0059DE9B /* Icon@2x.png in Resources */,
				EE16115013675C740059DE9B /* Icon.png in Resources */,
				EE161178136761E20059DE9B /* levels.txt in Resources */,
				EE7A3F61136CC31300C61F25 /* NewGameButton.png in Resources */,
				EE7A3F64136CC31300C61F25 /* NewGameButton@2x.png in Resources */,
				EE7A3F65136CC31300C61F25 /* InstructionsButton.png in Resources */,
				EE7A3F66136CC31300C61F25 /* InstructionsButton@2x.png in Resources */,
				EE7A3F69136CC6AA00C61F25 /* LoadGameButton.png in Resources */,
				EE7A3F6A136CC6AA00C61F25 /* LoadGameButton@2x.png in Resources */,
			);
			runOnlyForDeploymentPostprocessing = 0;
		};
/* End PBXResourcesBuildPhase section */

/* Begin PBXSourcesBuildPhase section */
		1D60588E0D05DD3D006BFB54 /* Sources */ = {
			isa = PBXSourcesBuildPhase;
			buildActionMask = 2147483647;
			files = (
				1D60589B0D05DD56006BFB54 /* main.m in Sources */,
				1D3623260D0F684500981E51 /* NomsAppDelegate.m in Sources */,
				EED91EF31366062F00053011 /* CLMainViewController.m in Sources */,
				EED91EFC136607B400053011 /* CLPlayer.m in Sources */,
				EED91EFF136607BD00053011 /* CLFinish.m in Sources */,
				EED91F02136607C900053011 /* CLObs.m in Sources */,
				EED91F081366098900053011 /* CLGameArea.m in Sources */,
				EED91FB71366126500053011 /* CLFunctions.m in Sources */,
				EE161158136760050059DE9B /* CLObsWall.m in Sources */,
				EE16115B136760100059DE9B /* CLObsEnemy.m in Sources */,
				EE16118C1367622E0059DE9B /* NSObject+SBJSON.m in Sources */,
				EE16118D1367622E0059DE9B /* NSString+SBJSON.m in Sources */,
				EE16118E1367622E0059DE9B /* SBJsonBase.m in Sources */,
				EE16118F1367622E0059DE9B /* SBJsonParser.m in Sources */,
				EE1611901367622E0059DE9B /* SBJsonWriter.m in Sources */,
				EE161193136762410059DE9B /* CLLevelManager.m in Sources */,
				EE708D2B136B7A1700B3344C /* CLObsCoin.m in Sources */,
				1F9CE32F136C598900C84255 /* MyWindow.m in Sources */,
				EE86012F136C7E2F00DF7170 /* PausedView.m in Sources */,
				EE860132136CA02400DF7170 /* MenuView.m in Sources */,
			);
			runOnlyForDeploymentPostprocessing = 0;
		};
/* End PBXSourcesBuildPhase section */

/* Begin XCBuildConfiguration section */
		1D6058940D05DD3E006BFB54 /* Debug */ = {
			isa = XCBuildConfiguration;
			buildSettings = {
				ALWAYS_SEARCH_USER_PATHS = NO;
				COPY_PHASE_STRIP = NO;
				GCC_DYNAMIC_NO_PIC = NO;
				GCC_OPTIMIZATION_LEVEL = 0;
				GCC_PRECOMPILE_PREFIX_HEADER = YES;
				GCC_PREFIX_HEADER = Noms_Prefix.pch;
				INFOPLIST_FILE = "Noms-Info.plist";
				PRODUCT_NAME = Noms;
			};
			name = Debug;
		};
		1D6058950D05DD3E006BFB54 /* Release */ = {
			isa = XCBuildConfiguration;
			buildSettings = {
				ALWAYS_SEARCH_USER_PATHS = NO;
				COPY_PHASE_STRIP = YES;
				GCC_PRECOMPILE_PREFIX_HEADER = YES;
				GCC_PREFIX_HEADER = Noms_Prefix.pch;
				INFOPLIST_FILE = "Noms-Info.plist";
				PRODUCT_NAME = Noms;
				VALIDATE_PRODUCT = YES;
			};
			name = Release;
		};
		C01FCF4F08A954540054247B /* Debug */ = {
			isa = XCBuildConfiguration;
			buildSettings = {
				ARCHS = "$(ARCHS_STANDARD_32_BIT)";
				"CODE_SIGN_IDENTITY[sdk=iphoneos*]" = "iPhone Developer";
				GCC_C_LANGUAGE_STANDARD = c99;
				GCC_WARN_ABOUT_RETURN_TYPE = YES;
				GCC_WARN_UNUSED_VARIABLE = YES;
				PREBINDING = NO;
				SDKROOT = iphoneos;
			};
			name = Debug;
		};
		C01FCF5008A954540054247B /* Release */ = {
			isa = XCBuildConfiguration;
			buildSettings = {
				ARCHS = "$(ARCHS_STANDARD_32_BIT)";
				"CODE_SIGN_IDENTITY[sdk=iphoneos*]" = "iPhone Developer";
				GCC_C_LANGUAGE_STANDARD = c99;
				GCC_WARN_ABOUT_RETURN_TYPE = YES;
				GCC_WARN_UNUSED_VARIABLE = YES;
				OTHER_CFLAGS = "-DNS_BLOCK_ASSERTIONS=1";
				PREBINDING = NO;
				SDKROOT = iphoneos;
			};
			name = Release;
		};
/* End XCBuildConfiguration section */

/* Begin XCConfigurationList section */
		1D6058960D05DD3E006BFB54 /* Build configuration list for PBXNativeTarget "Noms" */ = {
			isa = XCConfigurationList;
			buildConfigurations = (
				1D6058940D05DD3E006BFB54 /* Debug */,
				1D6058950D05DD3E006BFB54 /* Release */,
			);
			defaultConfigurationIsVisible = 0;
			defaultConfigurationName = Release;
		};
		C01FCF4E08A954540054247B /* Build configuration list for PBXProject "Noms" */ = {
			isa = XCConfigurationList;
			buildConfigurations = (
				C01FCF4F08A954540054247B /* Debug */,
				C01FCF5008A954540054247B /* Release */,
			);
			defaultConfigurationIsVisible = 0;
			defaultConfigurationName = Release;
		};
/* End XCConfigurationList section */
	};
	rootObject = 29B97313FDCFA39411CA2CEA /* Project object */;
}
